# Resolved for linux/amd64 on 2026-08-01; node raised to 24.21.0 on 2026-09-22 (Dependabot #2). Compose and CI use these manifest digests.
node:24.21.0-bookworm-slim@sha256:0e0ff40c39bc087845bfb27465a0df4ea419520094bc35842ff83dd8cbe6f9b6
postgres:18.4-bookworm@sha256:1961f96e6029a02c3812d7cb329a3b03a3ac2bb067058dec17b0f5596aca9296
